// !$*UTF8*$!
{
	archiveVersion = 1;
	classes = {
	};
	objectVersion = 46;
	objects = {

/* Begin PBXBuildFile section */
		CF186EDD1558D61A001B5871 /* CMTableViewCell.m in Sources */ = {isa = PBXBuildFile; fileRef = CF186EDC1558D61A001B5871 /* CMTableViewCell.m */; };
		CF186EE915592321001B5871 /* CurrentCarInfo.m in Sources */ = {isa = PBXBuildFile; fileRef = CF186EE815592321001B5871 /* CurrentCarInfo.m */; };
		CF186EFC15595612001B5871 /* CoreLocation.framework in Frameworks */ = {isa = PBXBuildFile; fileRef = CF186EFB15595611001B5871 /* CoreLocation.framework */; };
		CF255F5D1557D6A3002AC394 /* CarInfo.m in Sources */ = {isa = PBXBuildFile; fileRef = CF255F5C1557D6A3002AC394 /* CarInfo.m */; };
		CF3709D11553B71D0064A190 /* UIKit.framework in Frameworks */ = {isa = PBXBuildFile; fileRef = CF3709D01553B71D0064A190 /* UIKit.framework */; };
		CF3709D31553B71D0064A190 /* Foundation.framework in Frameworks */ = {isa = PBXBuildFile; fileRef = CF3709D21553B71D0064A190 /* Foundation.framework */; };
		CF3709D51553B71D0064A190 /* CoreGraphics.framework in Frameworks */ = {isa = PBXBuildFile; fileRef = CF3709D41553B71D0064A190 /* CoreGraphics.framework */; };
		CF3709DB1553B71D0064A190 /* InfoPlist.strings in Resources */ = {isa = PBXBuildFile; fileRef = CF3709D91553B71D0064A190 /* InfoPlist.strings */; };
		CF3709DD1553B71D0064A190 /* main.m in Sources */ = {isa = PBXBuildFile; fileRef = CF3709DC1553B71D0064A190 /* main.m */; };
		CF3709E11553B71D0064A190 /* AppDelegate.m in Sources */ = {isa = PBXBuildFile; fileRef = CF3709E01553B71D0064A190 /* AppDelegate.m */; };
		CF3709E91553B7570064A190 /* LoginViewController.m in Sources */ = {isa = PBXBuildFile; fileRef = CF3709E81553B7570064A190 /* LoginViewController.m */; };
		CF3709EC1553B76C0064A190 /* SettingViewController.m in Sources */ = {isa = PBXBuildFile; fileRef = CF3709EB1553B76C0064A190 /* SettingViewController.m */; };
		CF3709EF1553B7790064A190 /* MainViewController.m in Sources */ = {isa = PBXBuildFile; fileRef = CF3709EE1553B7790064A190 /* MainViewController.m */; };
		CF3709F21553B78E0064A190 /* DetailViewController.m in Sources */ = {isa = PBXBuildFile; fileRef = CF3709F11553B78E0064A190 /* DetailViewController.m */; };
		CF370A011553BF790064A190 /* CMResManager.m in Sources */ = {isa = PBXBuildFile; fileRef = CF370A001553BF790064A190 /* CMResManager.m */; };
		CF370A091553C4D70064A190 /* Image.bundle in Resources */ = {isa = PBXBuildFile; fileRef = CF370A081553C4D70064A190 /* Image.bundle */; };
		CF5223B51556B99D00687FE2 /* MapKit.framework in Frameworks */ = {isa = PBXBuildFile; fileRef = CF5223B41556B99D00687FE2 /* MapKit.framework */; };
		CF96E212155A6AFA002A2D12 /* CarWarn.m in Sources */ = {isa = PBXBuildFile; fileRef = CF96E211155A6AFA002A2D12 /* CarWarn.m */; };
		CF9AFC4E1554326200953818 /* AsyncSocket.m in Sources */ = {isa = PBXBuildFile; fileRef = CF9AFC4D1554326200953818 /* AsyncSocket.m */; };
		CF9AFC56155433BF00953818 /* CMConfig.m in Sources */ = {isa = PBXBuildFile; fileRef = CF9AFC55155433BF00953818 /* CMConfig.m */; };
		CF9AFC591554386400953818 /* CMUser.m in Sources */ = {isa = PBXBuildFile; fileRef = CF9AFC581554386400953818 /* CMUser.m */; };
		CF9AFC5C1554482300953818 /* CFNetwork.framework in Frameworks */ = {isa = PBXBuildFile; fileRef = CF9AFC5B1554482300953818 /* CFNetwork.framework */; };
		CFCF1D401554D4BE00C1B1E3 /* icon.png in Resources */ = {isa = PBXBuildFile; fileRef = CFCF1D3F1554D4BE00C1B1E3 /* icon.png */; };
		CFCF1D4A1555056800C1B1E3 /* CMNavigationBar.m in Sources */ = {isa = PBXBuildFile; fileRef = CFCF1D491555056800C1B1E3 /* CMNavigationBar.m */; };
		CFCF1D50155505B100C1B1E3 /* CMNavigationController.m in Sources */ = {isa = PBXBuildFile; fileRef = CFCF1D4F155505B100C1B1E3 /* CMNavigationController.m */; };
		CFCF1D531555245100C1B1E3 /* CMBaseViewController.m in Sources */ = {isa = PBXBuildFile; fileRef = CFCF1D521555245100C1B1E3 /* CMBaseViewController.m */; };
		CFE752C115564CF600559A95 /* CMSocket.m in Sources */ = {isa = PBXBuildFile; fileRef = CFE752C015564CF600559A95 /* CMSocket.m */; };
		CFE752C51556504C00559A95 /* NSString+CMAdditions.m in Sources */ = {isa = PBXBuildFile; fileRef = CFE752C41556504C00559A95 /* NSString+CMAdditions.m */; };
		CFE752D015565E0200559A95 /* HistoryTrackViewController.m in Sources */ = {isa = PBXBuildFile; fileRef = CFE752CF15565E0100559A95 /* HistoryTrackViewController.m */; };
		CFE752D415565E1800559A95 /* LocationMapViewController.m in Sources */ = {isa = PBXBuildFile; fileRef = CFE752D315565E1700559A95 /* LocationMapViewController.m */; };
		CFE752D715565E8C00559A95 /* AboutCarManagerViewController.m in Sources */ = {isa = PBXBuildFile; fileRef = CFE752D615565E8B00559A95 /* AboutCarManagerViewController.m */; };
		CFE752DA1556687100559A95 /* CarInfoViewController.m in Sources */ = {isa = PBXBuildFile; fileRef = CFE752D91556687000559A95 /* CarInfoViewController.m */; };
/* End PBXBuildFile section */

/* Begin PBXFileReference section */
		CF186EDB1558D61A001B5871 /* CMTableViewCell.h */ = {isa = PBXFileReference; fileEncoding = 4; lastKnownFileType = sourcecode.c.h; name = CMTableViewCell.h; path = CMClass/CMTableViewCell.h; sourceTree = "<group>"; };
		CF186EDC1558D61A001B5871 /* CMTableViewCell.m */ = {isa = PBXFileReference; fileEncoding = 4; lastKnownFileType = sourcecode.c.objc; name = CMTableViewCell.m; path = CMClass/CMTableViewCell.m; sourceTree = "<group>"; };
		CF186EE715592321001B5871 /* CurrentCarInfo.h */ = {isa = PBXFileReference; fileEncoding = 4; lastKnownFileType = sourcecode.c.h; name = CurrentCarInfo.h; path = CMClass/CurrentCarInfo.h; sourceTree = "<group>"; };
		CF186EE815592321001B5871 /* CurrentCarInfo.m */ = {isa = PBXFileReference; fileEncoding = 4; lastKnownFileType = sourcecode.c.objc; name = CurrentCarInfo.m; path = CMClass/CurrentCarInfo.m; sourceTree = "<group>"; };
		CF186EFB15595611001B5871 /* CoreLocation.framework */ = {isa = PBXFileReference; lastKnownFileType = wrapper.framework; name = CoreLocation.framework; path = System/Library/Frameworks/CoreLocation.framework; sourceTree = SDKROOT; };
		CF255F5B1557D6A3002AC394 /* CarInfo.h */ = {isa = PBXFileReference; fileEncoding = 4; lastKnownFileType = sourcecode.c.h; name = CarInfo.h; path = CMClass/CarInfo.h; sourceTree = "<group>"; };
		CF255F5C1557D6A3002AC394 /* CarInfo.m */ = {isa = PBXFileReference; fileEncoding = 4; lastKnownFileType = sourcecode.c.objc; name = CarInfo.m; path = CMClass/CarInfo.m; sourceTree = "<group>"; };
		CF3709CC1553B71D0064A190 /* CarManagement.app */ = {isa = PBXFileReference; explicitFileType = wrapper.application; includeInIndex = 0; path = CarManagement.app; sourceTree = BUILT_PRODUCTS_DIR; };
		CF3709D01553B71D0064A190 /* UIKit.framework */ = {isa = PBXFileReference; lastKnownFileType = wrapper.framework; name = UIKit.framework; path = System/Library/Frameworks/UIKit.framework; sourceTree = SDKROOT; };
		CF3709D21553B71D0064A190 /* Foundation.framework */ = {isa = PBXFileReference; lastKnownFileType = wrapper.framework; name = Foundation.framework; path = System/Library/Frameworks/Foundation.framework; sourceTree = SDKROOT; };
		CF3709D41553B71D0064A190 /* CoreGraphics.framework */ = {isa = PBXFileReference; lastKnownFileType = wrapper.framework; name = CoreGraphics.framework; path = System/Library/Frameworks/CoreGraphics.framework; sourceTree = SDKROOT; };
		CF3709D81553B71D0064A190 /* CarManagement-Info.plist */ = {isa = PBXFileReference; lastKnownFileType = text.plist.xml; path = "CarManagement-Info.plist"; sourceTree = "<group>"; };
		CF3709DA1553B71D0064A190 /* en */ = {isa = PBXFileReference; lastKnownFileType = text.plist.strings; name = en; path = en.lproj/InfoPlist.strings; sourceTree = "<group>"; };
		CF3709DC1553B71D0064A190 /* main.m */ = {isa = PBXFileReference; lastKnownFileType = sourcecode.c.objc; path = main.m; sourceTree = "<group>"; };
		CF3709DE1553B71D0064A190 /* CarManagement-Prefix.pch */ = {isa = PBXFileReference; lastKnownFileType = sourcecode.c.h; path = "CarManagement-Prefix.pch"; sourceTree = "<group>"; };
		CF3709DF1553B71D0064A190 /* AppDelegate.h */ = {isa = PBXFileReference; lastKnownFileType = sourcecode.c.h; path = AppDelegate.h; sourceTree = "<group>"; };
		CF3709E01553B71D0064A190 /* AppDelegate.m */ = {isa = PBXFileReference; lastKnownFileType = sourcecode.c.objc; path = AppDelegate.m; sourceTree = "<group>"; };
		CF3709E71553B7570064A190 /* LoginViewController.h */ = {isa = PBXFileReference; fileEncoding = 4; lastKnownFileType = sourcecode.c.h; name = LoginViewController.h; path = CMClass/LoginViewController.h; sourceTree = "<group>"; };
		CF3709E81553B7570064A190 /* LoginViewController.m */ = {isa = PBXFileReference; fileEncoding = 4; lastKnownFileType = sourcecode.c.objc; name = LoginViewController.m; path = CMClass/LoginViewController.m; sourceTree = "<group>"; };
		CF3709EA1553B76C0064A190 /* SettingViewController.h */ = {isa = PBXFileReference; fileEncoding = 4; lastKnownFileType = sourcecode.c.h; name = SettingViewController.h; path = CMClass/SettingViewController.h; sourceTree = "<group>"; };
		CF3709EB1553B76C0064A190 /* SettingViewController.m */ = {isa = PBXFileReference; fileEncoding = 4; lastKnownFileType = sourcecode.c.objc; name = SettingViewController.m; path = CMClass/SettingViewController.m; sourceTree = "<group>"; };
		CF3709ED1553B7790064A190 /* MainViewController.h */ = {isa = PBXFileReference; fileEncoding = 4; lastKnownFileType = sourcecode.c.h; name = MainViewController.h; path = CMClass/MainViewController.h; sourceTree = "<group>"; };
		CF3709EE1553B7790064A190 /* MainViewController.m */ = {isa = PBXFileReference; fileEncoding = 4; lastKnownFileType = sourcecode.c.objc; name = MainViewController.m; path = CMClass/MainViewController.m; sourceTree = "<group>"; };
		CF3709F01553B78E0064A190 /* DetailViewController.h */ = {isa = PBXFileReference; fileEncoding = 4; lastKnownFileType = sourcecode.c.h; name = DetailViewController.h; path = CMClass/DetailViewController.h; sourceTree = "<group>"; };
		CF3709F11553B78E0064A190 /* DetailViewController.m */ = {isa = PBXFileReference; fileEncoding = 4; lastKnownFileType = sourcecode.c.objc; name = DetailViewController.m; path = CMClass/DetailViewController.m; sourceTree = "<group>"; };
		CF3709FF1553BF790064A190 /* CMResManager.h */ = {isa = PBXFileReference; fileEncoding = 4; lastKnownFileType = sourcecode.c.h; name = CMResManager.h; path = CMClass/CMResManager.h; sourceTree = "<group>"; };
		CF370A001553BF790064A190 /* CMResManager.m */ = {isa = PBXFileReference; fileEncoding = 4; lastKnownFileType = sourcecode.c.objc; name = CMResManager.m; path = CMClass/CMResManager.m; sourceTree = "<group>"; };
		CF370A081553C4D70064A190 /* Image.bundle */ = {isa = PBXFileReference; lastKnownFileType = "wrapper.plug-in"; path = Image.bundle; sourceTree = "<group>"; };
		CF5223B41556B99D00687FE2 /* MapKit.framework */ = {isa = PBXFileReference; lastKnownFileType = wrapper.framework; name = MapKit.framework; path = System/Library/Frameworks/MapKit.framework; sourceTree = SDKROOT; };
		CF96E210155A6AFA002A2D12 /* CarWarn.h */ = {isa = PBXFileReference; fileEncoding = 4; lastKnownFileType = sourcecode.c.h; name = CarWarn.h; path = CMClass/CarWarn.h; sourceTree = "<group>"; };
		CF96E211155A6AFA002A2D12 /* CarWarn.m */ = {isa = PBXFileReference; fileEncoding = 4; lastKnownFileType = sourcecode.c.objc; name = CarWarn.m; path = CMClass/CarWarn.m; sourceTree = "<group>"; };
		CF9AFC4C1554326200953818 /* AsyncSocket.h */ = {isa = PBXFileReference; fileEncoding = 4; lastKnownFileType = sourcecode.c.h; name = AsyncSocket.h; path = CMClass/AsyncSocket.h; sourceTree = "<group>"; };
		CF9AFC4D1554326200953818 /* AsyncSocket.m */ = {isa = PBXFileReference; fileEncoding = 4; lastKnownFileType = sourcecode.c.objc; name = AsyncSocket.m; path = CMClass/AsyncSocket.m; sourceTree = "<group>"; };
		CF9AFC54155433BF00953818 /* CMConfig.h */ = {isa = PBXFileReference; fileEncoding = 4; lastKnownFileType = sourcecode.c.h; name = CMConfig.h; path = CMClass/CMConfig.h; sourceTree = "<group>"; };
		CF9AFC55155433BF00953818 /* CMConfig.m */ = {isa = PBXFileReference; fileEncoding = 4; lastKnownFileType = sourcecode.c.objc; name = CMConfig.m; path = CMClass/CMConfig.m; sourceTree = "<group>"; };
		CF9AFC571554386400953818 /* CMUser.h */ = {isa = PBXFileReference; fileEncoding = 4; lastKnownFileType = sourcecode.c.h; name = CMUser.h; path = CMClass/CMUser.h; sourceTree = "<group>"; };
		CF9AFC581554386400953818 /* CMUser.m */ = {isa = PBXFileReference; fileEncoding = 4; lastKnownFileType = sourcecode.c.objc; name = CMUser.m; path = CMClass/CMUser.m; sourceTree = "<group>"; };
		CF9AFC5A15543BF800953818 /* GlobalMacros.h */ = {isa = PBXFileReference; lastKnownFileType = sourcecode.c.h; name = GlobalMacros.h; path = CMClass/GlobalMacros.h; sourceTree = "<group>"; };
		CF9AFC5B1554482300953818 /* CFNetwork.framework */ = {isa = PBXFileReference; lastKnownFileType = wrapper.framework; name = CFNetwork.framework; path = System/Library/Frameworks/CFNetwork.framework; sourceTree = SDKROOT; };
		CFCF1D3F1554D4BE00C1B1E3 /* icon.png */ = {isa = PBXFileReference; lastKnownFileType = image.png; path = icon.png; sourceTree = "<group>"; };
		CFCF1D481555056800C1B1E3 /* CMNavigationBar.h */ = {isa = PBXFileReference; fileEncoding = 4; lastKnownFileType = sourcecode.c.h; name = CMNavigationBar.h; path = CMClass/CMNavigationBar.h; sourceTree = "<group>"; };
		CFCF1D491555056800C1B1E3 /* CMNavigationBar.m */ = {isa = PBXFileReference; fileEncoding = 4; lastKnownFileType = sourcecode.c.objc; name = CMNavigationBar.m; path = CMClass/CMNavigationBar.m; sourceTree = "<group>"; };
		CFCF1D4E155505B100C1B1E3 /* CMNavigationController.h */ = {isa = PBXFileReference; fileEncoding = 4; lastKnownFileType = sourcecode.c.h; name = CMNavigationController.h; path = CMClass/CMNavigationController.h; sourceTree = "<group>"; };
		CFCF1D4F155505B100C1B1E3 /* CMNavigationController.m */ = {isa = PBXFileReference; fileEncoding = 4; lastKnownFileType = sourcecode.c.objc; name = CMNavigationController.m; path = CMClass/CMNavigationController.m; sourceTree = "<group>"; };
		CFCF1D511555245100C1B1E3 /* CMBaseViewController.h */ = {isa = PBXFileReference; fileEncoding = 4; lastKnownFileType = sourcecode.c.h; name = CMBaseViewController.h; path = CMClass/CMBaseViewController.h; sourceTree = "<group>"; };
		CFCF1D521555245100C1B1E3 /* CMBaseViewController.m */ = {isa = PBXFileReference; fileEncoding = 4; lastKnownFileType = sourcecode.c.objc; name = CMBaseViewController.m; path = CMClass/CMBaseViewController.m; sourceTree = "<group>"; };
		CFE752BF15564CF600559A95 /* CMSocket.h */ = {isa = PBXFileReference; fileEncoding = 4; lastKnownFileType = sourcecode.c.h; name = CMSocket.h; path = CMClass/CMSocket.h; sourceTree = "<group>"; };
		CFE752C015564CF600559A95 /* CMSocket.m */ = {isa = PBXFileReference; fileEncoding = 4; lastKnownFileType = sourcecode.c.objc; name = CMSocket.m; path = CMClass/CMSocket.m; sourceTree = "<group>"; };
		CFE752C31556504C00559A95 /* NSString+CMAdditions.h */ = {isa = PBXFileReference; fileEncoding = 4; lastKnownFileType = sourcecode.c.h; name = "NSString+CMAdditions.h"; path = "CMClass/NSString+CMAdditions.h"; sourceTree = "<group>"; };
		CFE752C41556504C00559A95 /* NSString+CMAdditions.m */ = {isa = PBXFileReference; fileEncoding = 4; lastKnownFileType = sourcecode.c.objc; name = "NSString+CMAdditions.m"; path = "CMClass/NSString+CMAdditions.m"; sourceTree = "<group>"; };
		CFE752CE15565E0100559A95 /* HistoryTrackViewController.h */ = {isa = PBXFileReference; fileEncoding = 4; lastKnownFileType = sourcecode.c.h; name = HistoryTrackViewController.h; path = CMClass/HistoryTrackViewController.h; sourceTree = "<group>"; };
		CFE752CF15565E0100559A95 /* HistoryTrackViewController.m */ = {isa = PBXFileReference; fileEncoding = 4; lastKnownFileType = sourcecode.c.objc; name = HistoryTrackViewController.m; path = CMClass/HistoryTrackViewController.m; sourceTree = "<group>"; };
		CFE752D215565E1700559A95 /* LocationMapViewController.h */ = {isa = PBXFileReference; fileEncoding = 4; lastKnownFileType = sourcecode.c.h; name = LocationMapViewController.h; path = CMClass/LocationMapViewController.h; sourceTree = "<group>"; };
		CFE752D315565E1700559A95 /* LocationMapViewController.m */ = {isa = PBXFileReference; fileEncoding = 4; lastKnownFileType = sourcecode.c.objc; name = LocationMapViewController.m; path = CMClass/LocationMapViewController.m; sourceTree = "<group>"; };
		CFE752D515565E8B00559A95 /* AboutCarManagerViewController.h */ = {isa = PBXFileReference; fileEncoding = 4; lastKnownFileType = sourcecode.c.h; name = AboutCarManagerViewController.h; path = CMClass/AboutCarManagerViewController.h; sourceTree = "<group>"; };
		CFE752D615565E8B00559A95 /* AboutCarManagerViewController.m */ = {isa = PBXFileReference; fileEncoding = 4; lastKnownFileType = sourcecode.c.objc; name = AboutCarManagerViewController.m; path = CMClass/AboutCarManagerViewController.m; sourceTree = "<group>"; };
		CFE752D81556687000559A95 /* CarInfoViewController.h */ = {isa = PBXFileReference; fileEncoding = 4; lastKnownFileType = sourcecode.c.h; name = CarInfoViewController.h; path = CMClass/CarInfoViewController.h; sourceTree = "<group>"; };
		CFE752D91556687000559A95 /* CarInfoViewController.m */ = {isa = PBXFileReference; fileEncoding = 4; lastKnownFileType = sourcecode.c.objc; name = CarInfoViewController.m; path = CMClass/CarInfoViewController.m; sourceTree = "<group>"; };
/* End PBXFileReference section */

/* Begin PBXFrameworksBuildPhase section */
		CF3709C91553B71D0064A190 /* Frameworks */ = {
			isa = PBXFrameworksBuildPhase;
			buildActionMask = 2147483647;
			files = (
				CF186EFC15595612001B5871 /* CoreLocation.framework in Frameworks */,
				CF5223B51556B99D00687FE2 /* MapKit.framework in Frameworks */,
				CF9AFC5C1554482300953818 /* CFNetwork.framework in Frameworks */,
				CF3709D11553B71D0064A190 /* UIKit.framework in Frameworks */,
				CF3709D31553B71D0064A190 /* Foundation.framework in Frameworks */,
				CF3709D51553B71D0064A190 /* CoreGraphics.framework in Frameworks */,
			);
			runOnlyForDeploymentPostprocessing = 0;
		};
/* End PBXFrameworksBuildPhase section */

/* Begin PBXGroup section */
		CF255F5A1557D670002AC394 /* Car */ = {
			isa = PBXGroup;
			children = (
				CF255F5B1557D6A3002AC394 /* CarInfo.h */,
				CF255F5C1557D6A3002AC394 /* CarInfo.m */,
				CF186EE715592321001B5871 /* CurrentCarInfo.h */,
				CF186EE815592321001B5871 /* CurrentCarInfo.m */,
				CF96E210155A6AFA002A2D12 /* CarWarn.h */,
				CF96E211155A6AFA002A2D12 /* CarWarn.m */,
			);
			name = Car;
			sourceTree = "<group>";
		};
		CF3709C11553B71D0064A190 = {
			isa = PBXGroup;
			children = (
				CF3709D61553B71D0064A190 /* CarManagement */,
				CF3709CF1553B71D0064A190 /* Frameworks */,
				CF3709CD1553B71D0064A190 /* Products */,
			);
			sourceTree = "<group>";
		};
		CF3709CD1553B71D0064A190 /* Products */ = {
			isa = PBXGroup;
			children = (
				CF3709CC1553B71D0064A190 /* CarManagement.app */,
			);
			name = Products;
			sourceTree = "<group>";
		};
		CF3709CF1553B71D0064A190 /* Frameworks */ = {
			isa = PBXGroup;
			children = (
				CF186EFB15595611001B5871 /* CoreLocation.framework */,
				CF5223B41556B99D00687FE2 /* MapKit.framework */,
				CF9AFC5B1554482300953818 /* CFNetwork.framework */,
				CF3709D01553B71D0064A190 /* UIKit.framework */,
				CF3709D21553B71D0064A190 /* Foundation.framework */,
				CF3709D41553B71D0064A190 /* CoreGraphics.framework */,
			);
			name = Frameworks;
			sourceTree = "<group>";
		};
		CF3709D61553B71D0064A190 /* CarManagement */ = {
			isa = PBXGroup;
			children = (
				CF3709DF1553B71D0064A190 /* AppDelegate.h */,
				CF3709E01553B71D0064A190 /* AppDelegate.m */,
				CF3709E71553B7570064A190 /* LoginViewController.h */,
				CF3709E81553B7570064A190 /* LoginViewController.m */,
				CF3709EA1553B76C0064A190 /* SettingViewController.h */,
				CF3709EB1553B76C0064A190 /* SettingViewController.m */,
				CF3709ED1553B7790064A190 /* MainViewController.h */,
				CF3709EE1553B7790064A190 /* MainViewController.m */,
				CF3709F01553B78E0064A190 /* DetailViewController.h */,
				CF3709F11553B78E0064A190 /* DetailViewController.m */,
				CFE752D81556687000559A95 /* CarInfoViewController.h */,
				CFE752D91556687000559A95 /* CarInfoViewController.m */,
				CFE752CE15565E0100559A95 /* HistoryTrackViewController.h */,
				CFE752CF15565E0100559A95 /* HistoryTrackViewController.m */,
				CFE752D215565E1700559A95 /* LocationMapViewController.h */,
				CFE752D315565E1700559A95 /* LocationMapViewController.m */,
				CFE752D515565E8B00559A95 /* AboutCarManagerViewController.h */,
				CFE752D615565E8B00559A95 /* AboutCarManagerViewController.m */,
				CFCF1D461555054100C1B1E3 /* Navigation */,
				CF3709FD1553BF4F0064A190 /* CMCommon */,
				CF3709D71553B71D0064A190 /* Supporting Files */,
			);
			path = CarManagement;
			sourceTree = "<group>";
		};
		CF3709D71553B71D0064A190 /* Supporting Files */ = {
			isa = PBXGroup;
			children = (
				CFCF1D3F1554D4BE00C1B1E3 /* icon.png */,
				CF3709D81553B71D0064A190 /* CarManagement-Info.plist */,
				CF3709D91553B71D0064A190 /* InfoPlist.strings */,
				CF3709DC1553B71D0064A190 /* main.m */,
				CF3709DE1553B71D0064A190 /* CarManagement-Prefix.pch */,
				CF370A081553C4D70064A190 /* Image.bundle */,
			);
			name = "Supporting Files";
			sourceTree = "<group>";
		};
		CF3709FD1553BF4F0064A190 /* CMCommon */ = {
			isa = PBXGroup;
			children = (
				CF255F5A1557D670002AC394 /* Car */,
				CF9AFC4C1554326200953818 /* AsyncSocket.h */,
				CF9AFC4D1554326200953818 /* AsyncSocket.m */,
				CF3709FF1553BF790064A190 /* CMResManager.h */,
				CF370A001553BF790064A190 /* CMResManager.m */,
				CF9AFC54155433BF00953818 /* CMConfig.h */,
				CF9AFC55155433BF00953818 /* CMConfig.m */,
				CF9AFC571554386400953818 /* CMUser.h */,
				CF9AFC581554386400953818 /* CMUser.m */,
				CF9AFC5A15543BF800953818 /* GlobalMacros.h */,
				CFE752BF15564CF600559A95 /* CMSocket.h */,
				CFE752C015564CF600559A95 /* CMSocket.m */,
				CFE752C31556504C00559A95 /* NSString+CMAdditions.h */,
				CFE752C41556504C00559A95 /* NSString+CMAdditions.m */,
				CF186EDB1558D61A001B5871 /* CMTableViewCell.h */,
				CF186EDC1558D61A001B5871 /* CMTableViewCell.m */,
			);
			name = CMCommon;
			sourceTree = "<group>";
		};
		CFCF1D461555054100C1B1E3 /* Navigation */ = {
			isa = PBXGroup;
			children = (
				CFCF1D481555056800C1B1E3 /* CMNavigationBar.h */,
				CFCF1D491555056800C1B1E3 /* CMNavigationBar.m */,
				CFCF1D4E155505B100C1B1E3 /* CMNavigationController.h */,
				CFCF1D4F155505B100C1B1E3 /* CMNavigationController.m */,
				CFCF1D511555245100C1B1E3 /* CMBaseViewController.h */,
				CFCF1D521555245100C1B1E3 /* CMBaseViewController.m */,
			);
			name = Navigation;
			sourceTree = "<group>";
		};
/* End PBXGroup section */

/* Begin PBXNativeTarget section */
		CF3709CB1553B71D0064A190 /* CarManagement */ = {
			isa = PBXNativeTarget;
			buildConfigurationList = CF3709E41553B71D0064A190 /* Build configuration list for PBXNativeTarget "CarManagement" */;
			buildPhases = (
				CF3709C81553B71D0064A190 /* Sources */,
				CF3709C91553B71D0064A190 /* Frameworks */,
				CF3709CA1553B71D0064A190 /* Resources */,
			);
			buildRules = (
			);
			dependencies = (
			);
			name = CarManagement;
			productName = CarManagement;
			productReference = CF3709CC1553B71D0064A190 /* CarManagement.app */;
			productType = "com.apple.product-type.application";
		};
/* End PBXNativeTarget section */

/* Begin PBXProject section */
		CF3709C31553B71D0064A190 /* Project object */ = {
			isa = PBXProject;
			attributes = {
				LastUpgradeCheck = 0430;
				ORGANIZATIONNAME = gpssos.com;
			};
			buildConfigurationList = CF3709C61553B71D0064A190 /* Build configuration list for PBXProject "CarManagement" */;
			compatibilityVersion = "Xcode 3.2";
			developmentRegion = English;
			hasScannedForEncodings = 0;
			knownRegions = (
				en,
			);
			mainGroup = CF3709C11553B71D0064A190;
			productRefGroup = CF3709CD1553B71D0064A190 /* Products */;
			projectDirPath = "";
			projectRoot = "";
			targets = (
				CF3709CB1553B71D0064A190 /* CarManagement */,
			);
		};
/* End PBXProject section */

/* Begin PBXResourcesBuildPhase section */
		CF3709CA1553B71D0064A190 /* Resources */ = {
			isa = PBXResourcesBuildPhase;
			buildActionMask = 2147483647;
			files = (
				CF3709DB1553B71D0064A190 /* InfoPlist.strings in Resources */,
				CF370A091553C4D70064A190 /* Image.bundle in Resources */,
				CFCF1D401554D4BE00C1B1E3 /* icon.png in Resources */,
			);
			runOnlyForDeploymentPostprocessing = 0;
		};
/* End PBXResourcesBuildPhase section */

/* Begin PBXSourcesBuildPhase section */
		CF3709C81553B71D0064A190 /* Sources */ = {
			isa = PBXSourcesBuildPhase;
			buildActionMask = 2147483647;
			files = (
				CF3709DD1553B71D0064A190 /* main.m in Sources */,
				CF3709E11553B71D0064A190 /* AppDelegate.m in Sources */,
				CF3709E91553B7570064A190 /* LoginViewController.m in Sources */,
				CF3709EC1553B76C0064A190 /* SettingViewController.m in Sources */,
				CF3709EF1553B7790064A190 /* MainViewController.m in Sources */,
				CF3709F21553B78E0064A190 /* DetailViewController.m in Sources */,
				CF370A011553BF790064A190 /* CMResManager.m in Sources */,
				CF9AFC4E1554326200953818 /* AsyncSocket.m in Sources */,
				CF9AFC56155433BF00953818 /* CMConfig.m in Sources */,
				CF9AFC591554386400953818 /* CMUser.m in Sources */,
				CFCF1D4A1555056800C1B1E3 /* CMNavigationBar.m in Sources */,
				CFCF1D50155505B100C1B1E3 /* CMNavigationController.m in Sources */,
				CFCF1D531555245100C1B1E3 /* CMBaseViewController.m in Sources */,
				CFE752C115564CF600559A95 /* CMSocket.m in Sources */,
				CFE752C51556504C00559A95 /* NSString+CMAdditions.m in Sources */,
				CFE752D015565E0200559A95 /* HistoryTrackViewController.m in Sources */,
				CFE752D415565E1800559A95 /* LocationMapViewController.m in Sources */,
				CFE752D715565E8C00559A95 /* AboutCarManagerViewController.m in Sources */,
				CFE752DA1556687100559A95 /* CarInfoViewController.m in Sources */,
				CF255F5D1557D6A3002AC394 /* CarInfo.m in Sources */,
				CF186EDD1558D61A001B5871 /* CMTableViewCell.m in Sources */,
				CF186EE915592321001B5871 /* CurrentCarInfo.m in Sources */,
				CF96E212155A6AFA002A2D12 /* CarWarn.m in Sources */,
			);
			runOnlyForDeploymentPostprocessing = 0;
		};
/* End PBXSourcesBuildPhase section */

/* Begin PBXVariantGroup section */
		CF3709D91553B71D0064A190 /* InfoPlist.strings */ = {
			isa = PBXVariantGroup;
			children = (
				CF3709DA1553B71D0064A190 /* en */,
			);
			name = InfoPlist.strings;
			sourceTree = "<group>";
		};
/* End PBXVariantGroup section */

/* Begin XCBuildConfiguration section */
		CF3709E21553B71D0064A190 /* Debug */ = {
			isa = XCBuildConfiguration;
			buildSettings = {
				ALWAYS_SEARCH_USER_PATHS = NO;
				ARCHS = "$(ARCHS_STANDARD_32_BIT)";
				"CODE_SIGN_IDENTITY[sdk=iphoneos*]" = "iPhone Developer";
				COPY_PHASE_STRIP = NO;
				GCC_C_LANGUAGE_STANDARD = gnu99;
				GCC_DYNAMIC_NO_PIC = NO;
				GCC_OPTIMIZATION_LEVEL = 0;
				GCC_PREPROCESSOR_DEFINITIONS = (
					"DEBUG=1",
					"$(inherited)",
				);
				GCC_SYMBOLS_PRIVATE_EXTERN = NO;
				GCC_VERSION = com.apple.compilers.llvm.clang.1_0;
				GCC_WARN_ABOUT_RETURN_TYPE = YES;
				GCC_WARN_UNINITIALIZED_AUTOS = YES;
				GCC_WARN_UNUSED_VARIABLE = YES;
				IPHONEOS_DEPLOYMENT_TARGET = 5.1;
				SDKROOT = iphoneos;
			};
			name = Debug;
		};
		CF3709E31553B71D0064A190 /* Release */ = {
			isa = XCBuildConfiguration;
			buildSettings = {
				ALWAYS_SEARCH_USER_PATHS = NO;
				ARCHS = "$(ARCHS_STANDARD_32_BIT)";
				"CODE_SIGN_IDENTITY[sdk=iphoneos*]" = "iPhone Developer";
				COPY_PHASE_STRIP = YES;
				GCC_C_LANGUAGE_STANDARD = gnu99;
				GCC_VERSION = com.apple.compilers.llvm.clang.1_0;
				GCC_WARN_ABOUT_RETURN_TYPE = YES;
				GCC_WARN_UNINITIALIZED_AUTOS = YES;
				GCC_WARN_UNUSED_VARIABLE = YES;
				IPHONEOS_DEPLOYMENT_TARGET = 5.1;
				OTHER_CFLAGS = "-DNS_BLOCK_ASSERTIONS=1";
				SDKROOT = iphoneos;
				VALIDATE_PRODUCT = YES;
			};
			name = Release;
		};
		CF3709E51553B71D0064A190 /* Debug */ = {
			isa = XCBuildConfiguration;
			buildSettings = {
				GCC_PRECOMPILE_PREFIX_HEADER = YES;
				GCC_PREFIX_HEADER = "CarManagement/CarManagement-Prefix.pch";
				INFOPLIST_FILE = "CarManagement/CarManagement-Info.plist";
				IPHONEOS_DEPLOYMENT_TARGET = 4.0;
				PRODUCT_NAME = "$(TARGET_NAME)";
				WRAPPER_EXTENSION = app;
			};
			name = Debug;
		};
		CF3709E61553B71D0064A190 /* Release */ = {
			isa = XCBuildConfiguration;
			buildSettings = {
				GCC_PRECOMPILE_PREFIX_HEADER = YES;
				GCC_PREFIX_HEADER = "CarManagement/CarManagement-Prefix.pch";
				INFOPLIST_FILE = "CarManagement/CarManagement-Info.plist";
				IPHONEOS_DEPLOYMENT_TARGET = 4.0;
				PRODUCT_NAME = "$(TARGET_NAME)";
				WRAPPER_EXTENSION = app;
			};
			name = Release;
		};
/* End XCBuildConfiguration section */

/* Begin XCConfigurationList section */
		CF3709C61553B71D0064A190 /* Build configuration list for PBXProject "CarManagement" */ = {
			isa = XCConfigurationList;
			buildConfigurations = (
				CF3709E21553B71D0064A190 /* Debug */,
				CF3709E31553B71D0064A190 /* Release */,
			);
			defaultConfigurationIsVisible = 0;
			defaultConfigurationName = Release;
		};
		CF3709E41553B71D0064A190 /* Build configuration list for PBXNativeTarget "CarManagement" */ = {
			isa = XCConfigurationList;
			buildConfigurations = (
				CF3709E51553B71D0064A190 /* Debug */,
				CF3709E61553B71D0064A190 /* Release */,
			);
			defaultConfigurationIsVisible = 0;
			defaultConfigurationName = Release;
		};
/* End XCConfigurationList section */
	};
	rootObject = CF3709C31553B71D0064A190 /* Project object */;
}
